
Microsoft Visual Studio Solution File, Format Version 12.00
# Visual Studio 2015
Project("{FAE04EC0-301F-11D3-BF4B-00C04F79EFBC}") = "lineMatch3.CSharp.Plugins", "lineMatch3.CSharp.Plugins.csproj", "{E4DE3F86-3099-C28C-FD54-C6C129DA7C7A}"
EndProject
Project("{FAE04EC0-301F-11D3-BF4B-00C04F79EFBC}") = "lineMatch3.CSharp", "lineMatch3.CSharp.csproj", "{3735386E-C0A8-523D-4577-60CBD4977373}"
EndProject
Project("{FAE04EC0-301F-11D3-BF4B-00C04F79EFBC}") = "lineMatch3.CSharp.Editor", "lineMatch3.CSharp.Editor.csproj", "{BDAC75E8-0F61-22DE-C616-EFA963F57A89}"
EndProject
Global
	GlobalSection(SolutionConfigurationPlatforms) = preSolution
		Debug|Any CPU = Debug|Any CPU
		Release|Any CPU = Release|Any CPU
	EndGlobalSection
	GlobalSection(ProjectConfigurationPlatforms) = postSolution
		{E4DE3F86-3099-C28C-FD54-C6C129DA7C7A}.Debug|Any CPU.ActiveCfg = Debug|Any CPU
		{E4DE3F86-3099-C28C-FD54-C6C129DA7C7A}.Debug|Any CPU.Build.0 = Debug|Any CPU
		{E4DE3F86-3099-C28C-FD54-C6C129DA7C7A}.Release|Any CPU.ActiveCfg = Release|Any CPU
		{E4DE3F86-3099-C28C-FD54-C6C129DA7C7A}.Release|Any CPU.Build.0 = Release|Any CPU
		{3735386E-C0A8-523D-4577-60CBD4977373}.Debug|Any CPU.ActiveCfg = Debug|Any CPU
		{3735386E-C0A8-523D-4577-60CBD4977373}.Debug|Any CPU.Build.0 = Debug|Any CPU
		{3735386E-C0A8-523D-4577-60CBD4977373}.Release|Any CPU.ActiveCfg = Release|Any CPU
		{3735386E-C0A8-523D-4577-60CBD4977373}.Release|Any CPU.Build.0 = Release|Any CPU
		{BDAC75E8-0F61-22DE-C616-EFA963F57A89}.Debug|Any CPU.ActiveCfg = Debug|Any CPU
		{BDAC75E8-0F61-22DE-C616-EFA963F57A89}.Debug|Any CPU.Build.0 = Debug|Any CPU
		{BDAC75E8-0F61-22DE-C616-EFA963F57A89}.Release|Any CPU.ActiveCfg = Release|Any CPU
		{BDAC75E8-0F61-22DE-C616-EFA963F57A89}.Release|Any CPU.Build.0 = Release|Any CPU
	EndGlobalSection
	GlobalSection(SolutionProperties) = preSolution
		HideSolutionNode = FALSE
	EndGlobalSection
EndGlobal
